
Microsoft Visual Studio Solution File, Format Version 12.00
# Visual Studio Version 17
VisualStudioVersion = 17.8.34511.84
MinimumVisualStudioVersion = 10.0.40219.1
Project("{9A19103F-16F7-4668-BE54-9A1E7A4F7556}") = "ClientSide", "ClientSide\ClientSide.csproj", "{6B7D645B-85DF-426C-90BA-4B0D1EFCA872}"
EndProject
Project("{9A19103F-16F7-4668-BE54-9A1E7A4F7556}") = "ServerSide", "ServerSide\ServerSide.csproj", "{3C11A358-E02A-4D85-8CC5-B999220EFF87}"
EndProject
Global
	GlobalSection(SolutionConfigurationPlatforms) = preSolution
		Debug|Any CPU = Debug|Any CPU
		Release|Any CPU = Release|Any CPU
	EndGlobalSection
	GlobalSection(ProjectConfigurationPlatforms) = postSolution
		{6B7D645B-85DF-426C-90BA-4B0D1EFCA872}.Debug|Any CPU.ActiveCfg = Debug|Any CPU
		{6B7D645B-85DF-426C-90BA-4B0D1EFCA872}.Debug|Any CPU.Build.0 = Debug|Any CPU
		{6B7D645B-85DF-426C-90BA-4B0D1EFCA872}.Release|Any CPU.ActiveCfg = Release|Any CPU
		{6B7D645B-85DF-426C-90BA-4B0D1EFCA872}.Release|Any CPU.Build.0 = Release|Any CPU
		{3C11A358-E02A-4D85-8CC5-B999220EFF87}.Debug|Any CPU.ActiveCfg = Debug|Any CPU
		{3C11A358-E02A-4D85-8CC5-B999220EFF87}.Debug|Any CPU.Build.0 = Debug|Any CPU
		{3C11A358-E02A-4D85-8CC5-B999220EFF87}.Release|Any CPU.ActiveCfg = Release|Any CPU
		{3C11A358-E02A-4D85-8CC5-B999220EFF87}.Release|Any CPU.Build.0 = Release|Any CPU
	EndGlobalSection
	GlobalSection(SolutionProperties) = preSolution
		HideSolutionNode = FALSE
	EndGlobalSection
	GlobalSection(ExtensibilityGlobals) = postSolution
		SolutionGuid = {6E01371F-104C-4899-9BF6-F2FA46E92656}
	EndGlobalSection
EndGlobal
